
Microsoft Visual Studio Solution File, Format Version 12.00
# Visual Studio Version 16
VisualStudioVersion = 16.0.29209.62
MinimumVisualStudioVersion = 10.0.40219.1
Project("{888888A0-9F3D-457C-B088-3A5042F75D52}") = "Overengineered Calculator", "Overengineered Calculator.pyproj", "{30591468-FE48-4AFF-A12B-9E7866A3563D}"
EndProject
Global
	GlobalSection(SolutionConfigurationPlatforms) = preSolution
		Debug|Any CPU = Debug|Any CPU
		Release|Any CPU = Release|Any CPU
	EndGlobalSection
	GlobalSection(ProjectConfigurationPlatforms) = postSolution
		{30591468-FE48-4AFF-A12B-9E7866A3563D}.Debug|Any CPU.ActiveCfg = Debug|Any CPU
		{30591468-FE48-4AFF-A12B-9E7866A3563D}.Release|Any CPU.ActiveCfg = Release|Any CPU
	EndGlobalSection
	GlobalSection(SolutionProperties) = preSolution
		HideSolutionNode = FALSE
	EndGlobalSection
	GlobalSection(ExtensibilityGlobals) = postSolution
		SolutionGuid = {EBE558A0-EDDC-40D9-83A3-DBEACB319CD7}
	EndGlobalSection
EndGlobal
